
Microsoft Visual Studio Solution File, Format Version 12.00
# Visual Studio Express 2013 for Windows Desktop
VisualStudioVersion = 12.0.21005.1
MinimumVisualStudioVersion = 10.0.40219.1
Project("{FAE04EC0-301F-11D3-BF4B-00C04F79EFBC}") = "TPDT.LogicGraph.SharpDX", "TPDT.LogicGraph.SharpDX\TPDT.LogicGraph.SharpDX.csproj", "{FB84A583-12BA-49C6-870F-FA409A235603}"
EndProject
Project("{FAE04EC0-301F-11D3-BF4B-00C04F79EFBC}") = "TPDT.LogicGraph.Base", "TPDT.LogicGraph.Base\TPDT.LogicGraph.Base.csproj", "{F7C89243-D44C-458C-ADD2-B7006F96796F}"
EndProject
Project("{FAE04EC0-301F-11D3-BF4B-00C04F79EFBC}") = "TPDT.LogicGraph.Default", "TPDT.LogicGraph.Default\TPDT.LogicGraph.Default.csproj", "{94F2839D-BFB4-40CC-82FB-B689F57747C8}"
EndProject
Project("{FAE04EC0-301F-11D3-BF4B-00C04F79EFBC}") = "TPDT.LogicGraph", "TPDT.LogicGraph\TPDT.LogicGraph.csproj", "{228A0533-D867-489E-BEBF-A5AB705D692C}"
EndProject
Project("{FAE04EC0-301F-11D3-BF4B-00C04F79EFBC}") = "TPDT.FontSolver", "TPDT.FontSolver\TPDT.FontSolver.csproj", "{51B51551-DDFF-4651-A4EB-30FD3DB08C96}"
EndProject
Global
	GlobalSection(SolutionConfigurationPlatforms) = preSolution
		Debug|Any CPU = Debug|Any CPU
		Debug|Mixed Platforms = Debug|Mixed Platforms
		Debug|x86 = Debug|x86
		Release|Any CPU = Release|Any CPU
		Release|Mixed Platforms = Release|Mixed Platforms
		Release|x86 = Release|x86
	EndGlobalSection
	GlobalSection(ProjectConfigurationPlatforms) = postSolution
		{FB84A583-12BA-49C6-870F-FA409A235603}.Debug|Any CPU.ActiveCfg = Debug|Any CPU
		{FB84A583-12BA-49C6-870F-FA409A235603}.Debug|Any CPU.Build.0 = Debug|Any CPU
		{FB84A583-12BA-49C6-870F-FA409A235603}.Debug|Mixed Platforms.ActiveCfg = Debug|Any CPU
		{FB84A583-12BA-49C6-870F-FA409A235603}.Debug|Mixed Platforms.Build.0 = Debug|Any CPU
		{FB84A583-12BA-49C6-870F-FA409A235603}.Debug|x86.ActiveCfg = Debug|Any CPU
		{FB84A583-12BA-49C6-870F-FA409A235603}.Release|Any CPU.ActiveCfg = Release|Any CPU
		{FB84A583-12BA-49C6-870F-FA409A235603}.Release|Any CPU.Build.0 = Release|Any CPU
		{FB84A583-12BA-49C6-870F-FA409A235603}.Release|Mixed Platforms.ActiveCfg = Release|Any CPU
		{FB84A583-12BA-49C6-870F-FA409A235603}.Release|Mixed Platforms.Build.0 = Release|Any CPU
		{FB84A583-12BA-49C6-870F-FA409A235603}.Release|x86.ActiveCfg = Release|Any CPU
		{F7C89243-D44C-458C-ADD2-B7006F96796F}.Debug|Any CPU.ActiveCfg = Debug|Any CPU
		{F7C89243-D44C-458C-ADD2-B7006F96796F}.Debug|Any CPU.Build.0 = Debug|Any CPU
		{F7C89243-D44C-458C-ADD2-B7006F96796F}.Debug|Mixed Platforms.ActiveCfg = Debug|Any CPU
		{F7C89243-D44C-458C-ADD2-B7006F96796F}.Debug|Mixed Platforms.Build.0 = Debug|Any CPU
		{F7C89243-D44C-458C-ADD2-B7006F96796F}.Debug|x86.ActiveCfg = Debug|Any CPU
		{F7C89243-D44C-458C-ADD2-B7006F96796F}.Release|Any CPU.ActiveCfg = Release|Any CPU
		{F7C89243-D44C-458C-ADD2-B7006F96796F}.Release|Any CPU.Build.0 = Release|Any CPU
		{F7C89243-D44C-458C-ADD2-B7006F96796F}.Release|Mixed Platforms.ActiveCfg = Release|Any CPU
		{F7C89243-D44C-458C-ADD2-B7006F96796F}.Release|Mixed Platforms.Build.0 = Release|Any CPU
		{F7C89243-D44C-458C-ADD2-B7006F96796F}.Release|x86.ActiveCfg = Release|Any CPU
		{94F2839D-BFB4-40CC-82FB-B689F57747C8}.Debug|Any CPU.ActiveCfg = Debug|Any CPU
		{94F2839D-BFB4-40CC-82FB-B689F57747C8}.Debug|Any CPU.Build.0 = Debug|Any CPU
		{94F2839D-BFB4-40CC-82FB-B689F57747C8}.Debug|Mixed Platforms.ActiveCfg = Debug|Any CPU
		{94F2839D-BFB4-40CC-82FB-B689F57747C8}.Debug|Mixed Platforms.Build.0 = Debug|Any CPU
		{94F2839D-BFB4-40CC-82FB-B689F57747C8}.Debug|x86.ActiveCfg = Debug|Any CPU
		{94F2839D-BFB4-40CC-82FB-B689F57747C8}.Release|Any CPU.ActiveCfg = Release|Any CPU
		{94F2839D-BFB4-40CC-82FB-B689F57747C8}.Release|Any CPU.Build.0 = Release|Any CPU
		{94F2839D-BFB4-40CC-82FB-B689F57747C8}.Release|Mixed Platforms.ActiveCfg = Release|Any CPU
		{94F2839D-BFB4-40CC-82FB-B689F57747C8}.Release|Mixed Platforms.Build.0 = Release|Any CPU
		{94F2839D-BFB4-40CC-82FB-B689F57747C8}.Release|x86.ActiveCfg = Release|Any CPU
		{228A0533-D867-489E-BEBF-A5AB705D692C}.Debug|Any CPU.ActiveCfg = Debug|Any CPU
		{228A0533-D867-489E-BEBF-A5AB705D692C}.Debug|Any CPU.Build.0 = Debug|Any CPU
		{228A0533-D867-489E-BEBF-A5AB705D692C}.Debug|Mixed Platforms.ActiveCfg = Debug|Any CPU
		{228A0533-D867-489E-BEBF-A5AB705D692C}.Debug|Mixed Platforms.Build.0 = Debug|Any CPU
		{228A0533-D867-489E-BEBF-A5AB705D692C}.Debug|x86.ActiveCfg = Debug|Any CPU
		{228A0533-D867-489E-BEBF-A5AB705D692C}.Release|Any CPU.ActiveCfg = Release|Any CPU
		{228A0533-D867-489E-BEBF-A5AB705D692C}.Release|Any CPU.Build.0 = Release|Any CPU
		{228A0533-D867-489E-BEBF-A5AB705D692C}.Release|Mixed Platforms.ActiveCfg = Release|Any CPU
		{228A0533-D867-489E-BEBF-A5AB705D692C}.Release|Mixed Platforms.Build.0 = Release|Any CPU
		{228A0533-D867-489E-BEBF-A5AB705D692C}.Release|x86.ActiveCfg = Release|Any CPU
		{51B51551-DDFF-4651-A4EB-30FD3DB08C96}.Debug|Any CPU.ActiveCfg = Debug|Any CPU
		{51B51551-DDFF-4651-A4EB-30FD3DB08C96}.Debug|Any CPU.Build.0 = Debug|Any CPU
		{51B51551-DDFF-4651-A4EB-30FD3DB08C96}.Debug|Mixed Platforms.ActiveCfg = Debug|Any CPU
		{51B51551-DDFF-4651-A4EB-30FD3DB08C96}.Debug|Mixed Platforms.Build.0 = Debug|Any CPU
		{51B51551-DDFF-4651-A4EB-30FD3DB08C96}.Debug|x86.ActiveCfg = Debug|Any CPU
		{51B51551-DDFF-4651-A4EB-30FD3DB08C96}.Release|Any CPU.ActiveCfg = Release|Any CPU
		{51B51551-DDFF-4651-A4EB-30FD3DB08C96}.Release|Any CPU.Build.0 = Release|Any CPU
		{51B51551-DDFF-4651-A4EB-30FD3DB08C96}.Release|Mixed Platforms.ActiveCfg = Release|Any CPU
		{51B51551-DDFF-4651-A4EB-30FD3DB08C96}.Release|Mixed Platforms.Build.0 = Release|Any CPU
		{51B51551-DDFF-4651-A4EB-30FD3DB08C96}.Release|x86.ActiveCfg = Release|Any CPU
	EndGlobalSection
	GlobalSection(SolutionProperties) = preSolution
		HideSolutionNode = FALSE
	EndGlobalSection
EndGlobal
